
Microsoft Visual Studio Solution File, Format Version 12.00
# Visual Studio Version 16
VisualStudioVersion = 16.0.31613.86
MinimumVisualStudioVersion = 10.0.40219.1
Project("{FAE04EC0-301F-11D3-BF4B-00C04F79EFBC}") = "HW6Project1", "HW6Project1\HW6Project1.csproj", "{A1284804-5DFA-4733-AB2F-718ACE58130B}"
EndProject
Global
	GlobalSection(SolutionConfigurationPlatforms) = preSolution
		Debug|Any CPU = Debug|Any CPU
		Release|Any CPU = Release|Any CPU
	EndGlobalSection
	GlobalSection(ProjectConfigurationPlatforms) = postSolution
		{A1284804-5DFA-4733-AB2F-718ACE58130B}.Debug|Any CPU.ActiveCfg = Debug|Any CPU
		{A1284804-5DFA-4733-AB2F-718ACE58130B}.Debug|Any CPU.Build.0 = Debug|Any CPU
		{A1284804-5DFA-4733-AB2F-718ACE58130B}.Release|Any CPU.ActiveCfg = Release|Any CPU
		{A1284804-5DFA-4733-AB2F-718ACE58130B}.Release|Any CPU.Build.0 = Release|Any CPU
	EndGlobalSection
	GlobalSection(SolutionProperties) = preSolution
		HideSolutionNode = FALSE
	EndGlobalSection
	GlobalSection(ExtensibilityGlobals) = postSolution
		SolutionGuid = {0319D951-E9E2-47DF-A12E-BE8D00E41A4A}
	EndGlobalSection
EndGlobal
